// !$*UTF8*$!
{
	archiveVersion = 1;
	classes = {
	};
	objectVersion = 56;
	objects = {

/* Begin PBXBuildFile section */
		105D7EE92CBCA84B00F7AA96 /* AACRuangMakanView.swift in Sources */ = {isa = PBXBuildFile; fileRef = 105D7EE82CBCA84B00F7AA96 /* AACRuangMakanView.swift */; };
		1E5863742CB637C00080373A /* TextHeadline.swift in Sources */ = {isa = PBXBuildFile; fileRef = 1E5863732CB637B90080373A /* TextHeadline.swift */; };
		1E5863782CB63C640080373A /* CustomButton.swift in Sources */ = {isa = PBXBuildFile; fileRef = 1E5863772CB63C600080373A /* CustomButton.swift */; };
		1E58637C2CB681130080373A /* ActivityCard.swift in Sources */ = {isa = PBXBuildFile; fileRef = 1E58637B2CB6810E0080373A /* ActivityCard.swift */; };
		1E5863812CB6B9B30080373A /* CustomButtonSide.swift in Sources */ = {isa = PBXBuildFile; fileRef = 1E5863802CB6B9A70080373A /* CustomButtonSide.swift */; };
		1E5863842CB6C08C0080373A /* ActivitySequenceView.swift in Sources */ = {isa = PBXBuildFile; fileRef = 1E5863832CB6C0840080373A /* ActivitySequenceView.swift */; };
		1E84D8972CB4D99A0078B648 /* KataKitaApp.swift in Sources */ = {isa = PBXBuildFile; fileRef = 1E84D8962CB4D99A0078B648 /* KataKitaApp.swift */; };
		1E84D8992CB4D99A0078B648 /* ContentView.swift in Sources */ = {isa = PBXBuildFile; fileRef = 1E84D8982CB4D99A0078B648 /* ContentView.swift */; };
		1E84D89B2CB4D99A0078B648 /* Item.swift in Sources */ = {isa = PBXBuildFile; fileRef = 1E84D89A2CB4D99A0078B648 /* Item.swift */; };
		1E84D89D2CB4D99C0078B648 /* Assets.xcassets in Resources */ = {isa = PBXBuildFile; fileRef = 1E84D89C2CB4D99C0078B648 /* Assets.xcassets */; };
		1E84D8A02CB4D99C0078B648 /* Preview Assets.xcassets in Resources */ = {isa = PBXBuildFile; fileRef = 1E84D89F2CB4D99C0078B648 /* Preview Assets.xcassets */; };
		1E84D8AC2CB4D99C0078B648 /* KataKitaTests.swift in Sources */ = {isa = PBXBuildFile; fileRef = 1E84D8AB2CB4D99C0078B648 /* KataKitaTests.swift */; };
		1E84D8B62CB4D99C0078B648 /* KataKitaUITests.swift in Sources */ = {isa = PBXBuildFile; fileRef = 1E84D8B52CB4D99C0078B648 /* KataKitaUITests.swift */; };
		1E84D8B82CB4D99C0078B648 /* KataKitaUITestsLaunchTests.swift in Sources */ = {isa = PBXBuildFile; fileRef = 1E84D8B72CB4D99C0078B648 /* KataKitaUITestsLaunchTests.swift */; };
		1E84D8C82CB61AC70078B648 /* colorConverter.swift in Sources */ = {isa = PBXBuildFile; fileRef = 1E84D8C72CB61AC70078B648 /* colorConverter.swift */; };
		DAE1E7822CBAF59A00F5F9D1 /* SettingActivityCard.swift in Sources */ = {isa = PBXBuildFile; fileRef = DAE1E7812CBAF57F00F5F9D1 /* SettingActivityCard.swift */; };
		DAE312FD2CB83499001DD0A0 /* Activity.swift in Sources */ = {isa = PBXBuildFile; fileRef = DAE312FC2CB83499001DD0A0 /* Activity.swift */; };
		DAE312FF2CB835B9001DD0A0 /* Schedule.swift in Sources */ = {isa = PBXBuildFile; fileRef = DAE312FE2CB835B9001DD0A0 /* Schedule.swift */; };
		DAE313012CB8375C001DD0A0 /* AddDailyActivityView.swift in Sources */ = {isa = PBXBuildFile; fileRef = DAE313002CB8375C001DD0A0 /* AddDailyActivityView.swift */; };
		DAE313032CB84EC4001DD0A0 /* ActivityManager.swift in Sources */ = {isa = PBXBuildFile; fileRef = DAE313022CB84EC4001DD0A0 /* ActivityManager.swift */; };
		DAE313052CB85677001DD0A0 /* ScheduleManager.swift in Sources */ = {isa = PBXBuildFile; fileRef = DAE313042CB85677001DD0A0 /* ScheduleManager.swift */; };
		DAE313072CB86921001DD0A0 /* ActivitiesManager.swift in Sources */ = {isa = PBXBuildFile; fileRef = DAE313062CB86921001DD0A0 /* ActivitiesManager.swift */; };
		1EBBC2342CB78EF200673D97 /* DailyActivityView.swift in Sources */ = {isa = PBXBuildFile; fileRef = 1EBBC2332CB78EF200673D97 /* DailyActivityView.swift */; };
/* End PBXBuildFile section */

/* Begin PBXContainerItemProxy section */
		1E84D8A82CB4D99C0078B648 /* PBXContainerItemProxy */ = {
			isa = PBXContainerItemProxy;
			containerPortal = 1E84D88B2CB4D99A0078B648 /* Project object */;
			proxyType = 1;
			remoteGlobalIDString = 1E84D8922CB4D99A0078B648;
			remoteInfo = KataKita;
		};
		1E84D8B22CB4D99C0078B648 /* PBXContainerItemProxy */ = {
			isa = PBXContainerItemProxy;
			containerPortal = 1E84D88B2CB4D99A0078B648 /* Project object */;
			proxyType = 1;
			remoteGlobalIDString = 1E84D8922CB4D99A0078B648;
			remoteInfo = KataKita;
		};
/* End PBXContainerItemProxy section */

/* Begin PBXFileReference section */
		105D7EE82CBCA84B00F7AA96 /* AACRuangMakanView.swift */ = {isa = PBXFileReference; lastKnownFileType = sourcecode.swift; path = AACRuangMakanView.swift; sourceTree = "<group>"; };
		1E5863732CB637B90080373A /* TextHeadline.swift */ = {isa = PBXFileReference; lastKnownFileType = sourcecode.swift; path = TextHeadline.swift; sourceTree = "<group>"; };
		1E5863772CB63C600080373A /* CustomButton.swift */ = {isa = PBXFileReference; lastKnownFileType = sourcecode.swift; path = CustomButton.swift; sourceTree = "<group>"; };
		1E58637B2CB6810E0080373A /* ActivityCard.swift */ = {isa = PBXFileReference; lastKnownFileType = sourcecode.swift; path = ActivityCard.swift; sourceTree = "<group>"; };
		1E5863802CB6B9A70080373A /* CustomButtonSide.swift */ = {isa = PBXFileReference; lastKnownFileType = sourcecode.swift; path = CustomButtonSide.swift; sourceTree = "<group>"; };
		1E5863832CB6C0840080373A /* ActivitySequenceView.swift */ = {isa = PBXFileReference; lastKnownFileType = sourcecode.swift; path = ActivitySequenceView.swift; sourceTree = "<group>"; };
		1E84D8932CB4D99A0078B648 /* KataKita.app */ = {isa = PBXFileReference; explicitFileType = wrapper.application; includeInIndex = 0; path = KataKita.app; sourceTree = BUILT_PRODUCTS_DIR; };
		1E84D8962CB4D99A0078B648 /* KataKitaApp.swift */ = {isa = PBXFileReference; lastKnownFileType = sourcecode.swift; path = KataKitaApp.swift; sourceTree = "<group>"; };
		1E84D8982CB4D99A0078B648 /* ContentView.swift */ = {isa = PBXFileReference; lastKnownFileType = sourcecode.swift; path = ContentView.swift; sourceTree = "<group>"; };
		1E84D89A2CB4D99A0078B648 /* Item.swift */ = {isa = PBXFileReference; lastKnownFileType = sourcecode.swift; path = Item.swift; sourceTree = "<group>"; };
		1E84D89C2CB4D99C0078B648 /* Assets.xcassets */ = {isa = PBXFileReference; lastKnownFileType = folder.assetcatalog; path = Assets.xcassets; sourceTree = "<group>"; };
		1E84D89F2CB4D99C0078B648 /* Preview Assets.xcassets */ = {isa = PBXFileReference; lastKnownFileType = folder.assetcatalog; path = "Preview Assets.xcassets"; sourceTree = "<group>"; };
		1E84D8A12CB4D99C0078B648 /* KataKita.entitlements */ = {isa = PBXFileReference; lastKnownFileType = text.plist.entitlements; path = KataKita.entitlements; sourceTree = "<group>"; };
		1E84D8A22CB4D99C0078B648 /* Info.plist */ = {isa = PBXFileReference; lastKnownFileType = text.plist.xml; path = Info.plist; sourceTree = "<group>"; };
		1E84D8A72CB4D99C0078B648 /* KataKitaTests.xctest */ = {isa = PBXFileReference; explicitFileType = wrapper.cfbundle; includeInIndex = 0; path = KataKitaTests.xctest; sourceTree = BUILT_PRODUCTS_DIR; };
		1E84D8AB2CB4D99C0078B648 /* KataKitaTests.swift */ = {isa = PBXFileReference; lastKnownFileType = sourcecode.swift; path = KataKitaTests.swift; sourceTree = "<group>"; };
		1E84D8B12CB4D99C0078B648 /* KataKitaUITests.xctest */ = {isa = PBXFileReference; explicitFileType = wrapper.cfbundle; includeInIndex = 0; path = KataKitaUITests.xctest; sourceTree = BUILT_PRODUCTS_DIR; };
		1E84D8B52CB4D99C0078B648 /* KataKitaUITests.swift */ = {isa = PBXFileReference; lastKnownFileType = sourcecode.swift; path = KataKitaUITests.swift; sourceTree = "<group>"; };
		1E84D8B72CB4D99C0078B648 /* KataKitaUITestsLaunchTests.swift */ = {isa = PBXFileReference; lastKnownFileType = sourcecode.swift; path = KataKitaUITestsLaunchTests.swift; sourceTree = "<group>"; };
		1E84D8C72CB61AC70078B648 /* colorConverter.swift */ = {isa = PBXFileReference; lastKnownFileType = sourcecode.swift; path = colorConverter.swift; sourceTree = "<group>"; };
		DAE1E7812CBAF57F00F5F9D1 /* SettingActivityCard.swift */ = {isa = PBXFileReference; lastKnownFileType = sourcecode.swift; path = SettingActivityCard.swift; sourceTree = "<group>"; };
		DAE312FC2CB83499001DD0A0 /* Activity.swift */ = {isa = PBXFileReference; lastKnownFileType = sourcecode.swift; path = Activity.swift; sourceTree = "<group>"; };
		DAE312FE2CB835B9001DD0A0 /* Schedule.swift */ = {isa = PBXFileReference; lastKnownFileType = sourcecode.swift; path = Schedule.swift; sourceTree = "<group>"; };
		DAE313002CB8375C001DD0A0 /* AddDailyActivityView.swift */ = {isa = PBXFileReference; lastKnownFileType = sourcecode.swift; path = AddDailyActivityView.swift; sourceTree = "<group>"; };
		DAE313022CB84EC4001DD0A0 /* ActivityManager.swift */ = {isa = PBXFileReference; lastKnownFileType = sourcecode.swift; path = ActivityManager.swift; sourceTree = "<group>"; };
		DAE313042CB85677001DD0A0 /* ScheduleManager.swift */ = {isa = PBXFileReference; lastKnownFileType = sourcecode.swift; path = ScheduleManager.swift; sourceTree = "<group>"; };
		DAE313062CB86921001DD0A0 /* ActivitiesManager.swift */ = {isa = PBXFileReference; lastKnownFileType = sourcecode.swift; path = ActivitiesManager.swift; sourceTree = "<group>"; };
		1EBBC2332CB78EF200673D97 /* DailyActivityView.swift */ = {isa = PBXFileReference; lastKnownFileType = sourcecode.swift; path = DailyActivityView.swift; sourceTree = "<group>"; };
/* End PBXFileReference section */

/* Begin PBXFrameworksBuildPhase section */
		1E84D8902CB4D99A0078B648 /* Frameworks */ = {
			isa = PBXFrameworksBuildPhase;
			buildActionMask = 2147483647;
			files = (
			);
			runOnlyForDeploymentPostprocessing = 0;
		};
		1E84D8A42CB4D99C0078B648 /* Frameworks */ = {
			isa = PBXFrameworksBuildPhase;
			buildActionMask = 2147483647;
			files = (
			);
			runOnlyForDeploymentPostprocessing = 0;
		};
		1E84D8AE2CB4D99C0078B648 /* Frameworks */ = {
			isa = PBXFrameworksBuildPhase;
			buildActionMask = 2147483647;
			files = (
			);
			runOnlyForDeploymentPostprocessing = 0;
		};
/* End PBXFrameworksBuildPhase section */

/* Begin PBXGroup section */
		1E5863822CB6C07C0080373A /* View */ = {
			isa = PBXGroup;
			children = (
				1E5863832CB6C0840080373A /* ActivitySequenceView.swift */,
				DAE313002CB8375C001DD0A0 /* AddDailyActivityView.swift */,
				1EBBC2332CB78EF200673D97 /* DailyActivityView.swift */,
			);
			path = View;
			sourceTree = "<group>";
		};
		1E84D88A2CB4D99A0078B648 = {
			isa = PBXGroup;
			children = (
				1E84D8952CB4D99A0078B648 /* KataKita */,
				1E84D8AA2CB4D99C0078B648 /* KataKitaTests */,
				1E84D8B42CB4D99C0078B648 /* KataKitaUITests */,
				1E84D8942CB4D99A0078B648 /* Products */,
			);
			sourceTree = "<group>";
		};
		1E84D8942CB4D99A0078B648 /* Products */ = {
			isa = PBXGroup;
			children = (
				1E84D8932CB4D99A0078B648 /* KataKita.app */,
				1E84D8A72CB4D99C0078B648 /* KataKitaTests.xctest */,
				1E84D8B12CB4D99C0078B648 /* KataKitaUITests.xctest */,
			);
			name = Products;
			sourceTree = "<group>";
		};
		1E84D8952CB4D99A0078B648 /* KataKita */ = {
			isa = PBXGroup;
			children = (
				DAE312F92CB833D6001DD0A0 /* ViewModel */,
				DAE312F82CB833CA001DD0A0 /* Model */,
				1E5863822CB6C07C0080373A /* View */,
				1E84D8C42CB6160C0078B648 /* Component */,
				1E84D8962CB4D99A0078B648 /* KataKitaApp.swift */,
				105D7EE82CBCA84B00F7AA96 /* AACRuangMakanView.swift */,
				1E84D8982CB4D99A0078B648 /* ContentView.swift */,
				1E84D89A2CB4D99A0078B648 /* Item.swift */,
				1E84D89C2CB4D99C0078B648 /* Assets.xcassets */,
				1E84D8A12CB4D99C0078B648 /* KataKita.entitlements */,
				1E84D8A22CB4D99C0078B648 /* Info.plist */,
				1E84D89E2CB4D99C0078B648 /* Preview Content */,
			);
			path = KataKita;
			sourceTree = "<group>";
		};
		1E84D89E2CB4D99C0078B648 /* Preview Content */ = {
			isa = PBXGroup;
			children = (
				1E84D89F2CB4D99C0078B648 /* Preview Assets.xcassets */,
			);
			path = "Preview Content";
			sourceTree = "<group>";
		};
		1E84D8AA2CB4D99C0078B648 /* KataKitaTests */ = {
			isa = PBXGroup;
			children = (
				1E84D8AB2CB4D99C0078B648 /* KataKitaTests.swift */,
			);
			path = KataKitaTests;
			sourceTree = "<group>";
		};
		1E84D8B42CB4D99C0078B648 /* KataKitaUITests */ = {
			isa = PBXGroup;
			children = (
				1E84D8B52CB4D99C0078B648 /* KataKitaUITests.swift */,
				1E84D8B72CB4D99C0078B648 /* KataKitaUITestsLaunchTests.swift */,
			);
			path = KataKitaUITests;
			sourceTree = "<group>";
		};
		1E84D8C42CB6160C0078B648 /* Component */ = {
			isa = PBXGroup;
			children = (
				DAE1E7812CBAF57F00F5F9D1 /* SettingActivityCard.swift */,
				1E5863802CB6B9A70080373A /* CustomButtonSide.swift */,
				1E58637B2CB6810E0080373A /* ActivityCard.swift */,
				1E5863772CB63C600080373A /* CustomButton.swift */,
				1E5863732CB637B90080373A /* TextHeadline.swift */,
				1E84D8C72CB61AC70078B648 /* colorConverter.swift */,
			);
			path = Component;
			sourceTree = "<group>";
		};
		DAE312F82CB833CA001DD0A0 /* Model */ = {
			isa = PBXGroup;
			children = (
				DAE312FC2CB83499001DD0A0 /* Activity.swift */,
				DAE312FE2CB835B9001DD0A0 /* Schedule.swift */,
			);
			path = Model;
			sourceTree = "<group>";
		};
		DAE312F92CB833D6001DD0A0 /* ViewModel */ = {
			isa = PBXGroup;
			children = (
				DAE313022CB84EC4001DD0A0 /* ActivityManager.swift */,
				DAE313042CB85677001DD0A0 /* ScheduleManager.swift */,
				DAE313062CB86921001DD0A0 /* ActivitiesManager.swift */,
			);
			path = ViewModel;
			sourceTree = "<group>";
		};
/* End PBXGroup section */

/* Begin PBXNativeTarget section */
		1E84D8922CB4D99A0078B648 /* KataKita */ = {
			isa = PBXNativeTarget;
			buildConfigurationList = 1E84D8BB2CB4D99C0078B648 /* Build configuration list for PBXNativeTarget "KataKita" */;
			buildPhases = (
				1E84D88F2CB4D99A0078B648 /* Sources */,
				1E84D8902CB4D99A0078B648 /* Frameworks */,
				1E84D8912CB4D99A0078B648 /* Resources */,
			);
			buildRules = (
			);
			dependencies = (
			);
			name = KataKita;
			productName = KataKita;
			productReference = 1E84D8932CB4D99A0078B648 /* KataKita.app */;
			productType = "com.apple.product-type.application";
		};
		1E84D8A62CB4D99C0078B648 /* KataKitaTests */ = {
			isa = PBXNativeTarget;
			buildConfigurationList = 1E84D8BE2CB4D99C0078B648 /* Build configuration list for PBXNativeTarget "KataKitaTests" */;
			buildPhases = (
				1E84D8A32CB4D99C0078B648 /* Sources */,
				1E84D8A42CB4D99C0078B648 /* Frameworks */,
				1E84D8A52CB4D99C0078B648 /* Resources */,
			);
			buildRules = (
			);
			dependencies = (
				1E84D8A92CB4D99C0078B648 /* PBXTargetDependency */,
			);
			name = KataKitaTests;
			productName = KataKitaTests;
			productReference = 1E84D8A72CB4D99C0078B648 /* KataKitaTests.xctest */;
			productType = "com.apple.product-type.bundle.unit-test";
		};
		1E84D8B02CB4D99C0078B648 /* KataKitaUITests */ = {
			isa = PBXNativeTarget;
			buildConfigurationList = 1E84D8C12CB4D99C0078B648 /* Build configuration list for PBXNativeTarget "KataKitaUITests" */;
			buildPhases = (
				1E84D8AD2CB4D99C0078B648 /* Sources */,
				1E84D8AE2CB4D99C0078B648 /* Frameworks */,
				1E84D8AF2CB4D99C0078B648 /* Resources */,
			);
			buildRules = (
			);
			dependencies = (
				1E84D8B32CB4D99C0078B648 /* PBXTargetDependency */,
			);
			name = KataKitaUITests;
			productName = KataKitaUITests;
			productReference = 1E84D8B12CB4D99C0078B648 /* KataKitaUITests.xctest */;
			productType = "com.apple.product-type.bundle.ui-testing";
		};
/* End PBXNativeTarget section */

/* Begin PBXProject section */
		1E84D88B2CB4D99A0078B648 /* Project object */ = {
			isa = PBXProject;
			attributes = {
				BuildIndependentTargetsInParallel = 1;
				LastSwiftUpdateCheck = 1520;
				LastUpgradeCheck = 1520;
				TargetAttributes = {
					1E84D8922CB4D99A0078B648 = {
						CreatedOnToolsVersion = 15.2;
					};
					1E84D8A62CB4D99C0078B648 = {
						CreatedOnToolsVersion = 15.2;
						TestTargetID = 1E84D8922CB4D99A0078B648;
					};
					1E84D8B02CB4D99C0078B648 = {
						CreatedOnToolsVersion = 15.2;
						TestTargetID = 1E84D8922CB4D99A0078B648;
					};
				};
			};
			buildConfigurationList = 1E84D88E2CB4D99A0078B648 /* Build configuration list for PBXProject "KataKita" */;
			compatibilityVersion = "Xcode 14.0";
			developmentRegion = en;
			hasScannedForEncodings = 0;
			knownRegions = (
				en,
				Base,
			);
			mainGroup = 1E84D88A2CB4D99A0078B648;
			productRefGroup = 1E84D8942CB4D99A0078B648 /* Products */;
			projectDirPath = "";
			projectRoot = "";
			targets = (
				1E84D8922CB4D99A0078B648 /* KataKita */,
				1E84D8A62CB4D99C0078B648 /* KataKitaTests */,
				1E84D8B02CB4D99C0078B648 /* KataKitaUITests */,
			);
		};
/* End PBXProject section */

/* Begin PBXResourcesBuildPhase section */
		1E84D8912CB4D99A0078B648 /* Resources */ = {
			isa = PBXResourcesBuildPhase;
			buildActionMask = 2147483647;
			files = (
				1E84D8A02CB4D99C0078B648 /* Preview Assets.xcassets in Resources */,
				1E84D89D2CB4D99C0078B648 /* Assets.xcassets in Resources */,
			);
			runOnlyForDeploymentPostprocessing = 0;
		};
		1E84D8A52CB4D99C0078B648 /* Resources */ = {
			isa = PBXResourcesBuildPhase;
			buildActionMask = 2147483647;
			files = (
			);
			runOnlyForDeploymentPostprocessing = 0;
		};
		1E84D8AF2CB4D99C0078B648 /* Resources */ = {
			isa = PBXResourcesBuildPhase;
			buildActionMask = 2147483647;
			files = (
			);
			runOnlyForDeploymentPostprocessing = 0;
		};
/* End PBXResourcesBuildPhase section */

/* Begin PBXSourcesBuildPhase section */
		1E84D88F2CB4D99A0078B648 /* Sources */ = {
			isa = PBXSourcesBuildPhase;
			buildActionMask = 2147483647;
			files = (
				1E84D8992CB4D99A0078B648 /* ContentView.swift in Sources */,
				1E5863782CB63C640080373A /* CustomButton.swift in Sources */,
				DAE313052CB85677001DD0A0 /* ScheduleManager.swift in Sources */,
				1E5863842CB6C08C0080373A /* ActivitySequenceView.swift in Sources */,
				1E84D8C82CB61AC70078B648 /* colorConverter.swift in Sources */,
				DAE1E7822CBAF59A00F5F9D1 /* SettingActivityCard.swift in Sources */,
				1E84D89B2CB4D99A0078B648 /* Item.swift in Sources */,

				DAE313072CB86921001DD0A0 /* ActivitiesManager.swift in Sources */,
				1EBBC2342CB78EF200673D97 /* DailyActivityView.swift in Sources */,
				1E84D8972CB4D99A0078B648 /* KataKitaApp.swift in Sources */,
				DAE312FF2CB835B9001DD0A0 /* Schedule.swift in Sources */,
				DAE313012CB8375C001DD0A0 /* AddDailyActivityView.swift in Sources */,
				1E5863812CB6B9B30080373A /* CustomButtonSide.swift in Sources */,
				105D7EE92CBCA84B00F7AA96 /* AACRuangMakanView.swift in Sources */,
				1E58637C2CB681130080373A /* ActivityCard.swift in Sources */,
				DAE313032CB84EC4001DD0A0 /* ActivityManager.swift in Sources */,
				DAE312FD2CB83499001DD0A0 /* Activity.swift in Sources */,
				1E5863742CB637C00080373A /* TextHeadline.swift in Sources */,
			);
			runOnlyForDeploymentPostprocessing = 0;
		};
		1E84D8A32CB4D99C0078B648 /* Sources */ = {
			isa = PBXSourcesBuildPhase;
			buildActionMask = 2147483647;
			files = (
				1E84D8AC2CB4D99C0078B648 /* KataKitaTests.swift in Sources */,
			);
			runOnlyForDeploymentPostprocessing = 0;
		};
		1E84D8AD2CB4D99C0078B648 /* Sources */ = {
			isa = PBXSourcesBuildPhase;
			buildActionMask = 2147483647;
			files = (
				1E84D8B82CB4D99C0078B648 /* KataKitaUITestsLaunchTests.swift in Sources */,
				1E84D8B62CB4D99C0078B648 /* KataKitaUITests.swift in Sources */,
			);
			runOnlyForDeploymentPostprocessing = 0;
		};
/* End PBXSourcesBuildPhase section */

/* Begin PBXTargetDependency section */
		1E84D8A92CB4D99C0078B648 /* PBXTargetDependency */ = {
			isa = PBXTargetDependency;
			target = 1E84D8922CB4D99A0078B648 /* KataKita */;
			targetProxy = 1E84D8A82CB4D99C0078B648 /* PBXContainerItemProxy */;
		};
		1E84D8B32CB4D99C0078B648 /* PBXTargetDependency */ = {
			isa = PBXTargetDependency;
			target = 1E84D8922CB4D99A0078B648 /* KataKita */;
			targetProxy = 1E84D8B22CB4D99C0078B648 /* PBXContainerItemProxy */;
		};
/* End PBXTargetDependency section */

/* Begin XCBuildConfiguration section */
		1E84D8B92CB4D99C0078B648 /* Debug */ = {
			isa = XCBuildConfiguration;
			buildSettings = {
				ALWAYS_SEARCH_USER_PATHS = NO;
				ASSETCATALOG_COMPILER_GENERATE_SWIFT_ASSET_SYMBOL_EXTENSIONS = YES;
				CLANG_ANALYZER_NONNULL = YES;
				CLANG_ANALYZER_NUMBER_OBJECT_CONVERSION = YES_AGGRESSIVE;
				CLANG_CXX_LANGUAGE_STANDARD = "gnu++20";
				CLANG_ENABLE_MODULES = YES;
				CLANG_ENABLE_OBJC_ARC = YES;
				CLANG_ENABLE_OBJC_WEAK = YES;
				CLANG_WARN_BLOCK_CAPTURE_AUTORELEASING = YES;
				CLANG_WARN_BOOL_CONVERSION = YES;
				CLANG_WARN_COMMA = YES;
				CLANG_WARN_CONSTANT_CONVERSION = YES;
				CLANG_WARN_DEPRECATED_OBJC_IMPLEMENTATIONS = YES;
				CLANG_WARN_DIRECT_OBJC_ISA_USAGE = YES_ERROR;
				CLANG_WARN_DOCUMENTATION_COMMENTS = YES;
				CLANG_WARN_EMPTY_BODY = YES;
				CLANG_WARN_ENUM_CONVERSION = YES;
				CLANG_WARN_INFINITE_RECURSION = YES;
				CLANG_WARN_INT_CONVERSION = YES;
				CLANG_WARN_NON_LITERAL_NULL_CONVERSION = YES;
				CLANG_WARN_OBJC_IMPLICIT_RETAIN_SELF = YES;
				CLANG_WARN_OBJC_LITERAL_CONVERSION = YES;
				CLANG_WARN_OBJC_ROOT_CLASS = YES_ERROR;
				CLANG_WARN_QUOTED_INCLUDE_IN_FRAMEWORK_HEADER = YES;
				CLANG_WARN_RANGE_LOOP_ANALYSIS = YES;
				CLANG_WARN_STRICT_PROTOTYPES = YES;
				CLANG_WARN_SUSPICIOUS_MOVE = YES;
				CLANG_WARN_UNGUARDED_AVAILABILITY = YES_AGGRESSIVE;
				CLANG_WARN_UNREACHABLE_CODE = YES;
				CLANG_WARN__DUPLICATE_METHOD_MATCH = YES;
				COPY_PHASE_STRIP = NO;
				DEBUG_INFORMATION_FORMAT = dwarf;
				ENABLE_STRICT_OBJC_MSGSEND = YES;
				ENABLE_TESTABILITY = YES;
				ENABLE_USER_SCRIPT_SANDBOXING = YES;
				GCC_C_LANGUAGE_STANDARD = gnu17;
				GCC_DYNAMIC_NO_PIC = NO;
				GCC_NO_COMMON_BLOCKS = YES;
				GCC_OPTIMIZATION_LEVEL = 0;
				GCC_PREPROCESSOR_DEFINITIONS = (
					"DEBUG=1",
					"$(inherited)",
				);
				GCC_WARN_64_TO_32_BIT_CONVERSION = YES;
				GCC_WARN_ABOUT_RETURN_TYPE = YES_ERROR;
				GCC_WARN_UNDECLARED_SELECTOR = YES;
				GCC_WARN_UNINITIALIZED_AUTOS = YES_AGGRESSIVE;
				GCC_WARN_UNUSED_FUNCTION = YES;
				GCC_WARN_UNUSED_VARIABLE = YES;
				IPHONEOS_DEPLOYMENT_TARGET = 17.2;
				LOCALIZATION_PREFERS_STRING_CATALOGS = YES;
				MTL_ENABLE_DEBUG_INFO = INCLUDE_SOURCE;
				MTL_FAST_MATH = YES;
				ONLY_ACTIVE_ARCH = YES;
				SDKROOT = iphoneos;
				SWIFT_ACTIVE_COMPILATION_CONDITIONS = "DEBUG $(inherited)";
				SWIFT_OPTIMIZATION_LEVEL = "-Onone";
			};
			name = Debug;
		};
		1E84D8BA2CB4D99C0078B648 /* Release */ = {
			isa = XCBuildConfiguration;
			buildSettings = {
				ALWAYS_SEARCH_USER_PATHS = NO;
				ASSETCATALOG_COMPILER_GENERATE_SWIFT_ASSET_SYMBOL_EXTENSIONS = YES;
				CLANG_ANALYZER_NONNULL = YES;
				CLANG_ANALYZER_NUMBER_OBJECT_CONVERSION = YES_AGGRESSIVE;
				CLANG_CXX_LANGUAGE_STANDARD = "gnu++20";
				CLANG_ENABLE_MODULES = YES;
				CLANG_ENABLE_OBJC_ARC = YES;
				CLANG_ENABLE_OBJC_WEAK = YES;
				CLANG_WARN_BLOCK_CAPTURE_AUTORELEASING = YES;
				CLANG_WARN_BOOL_CONVERSION = YES;
				CLANG_WARN_COMMA = YES;
				CLANG_WARN_CONSTANT_CONVERSION = YES;
				CLANG_WARN_DEPRECATED_OBJC_IMPLEMENTATIONS = YES;
				CLANG_WARN_DIRECT_OBJC_ISA_USAGE = YES_ERROR;
				CLANG_WARN_DOCUMENTATION_COMMENTS = YES;
				CLANG_WARN_EMPTY_BODY = YES;
				CLANG_WARN_ENUM_CONVERSION = YES;
				CLANG_WARN_INFINITE_RECURSION = YES;
				CLANG_WARN_INT_CONVERSION = YES;
				CLANG_WARN_NON_LITERAL_NULL_CONVERSION = YES;
				CLANG_WARN_OBJC_IMPLICIT_RETAIN_SELF = YES;
				CLANG_WARN_OBJC_LITERAL_CONVERSION = YES;
				CLANG_WARN_OBJC_ROOT_CLASS = YES_ERROR;
				CLANG_WARN_QUOTED_INCLUDE_IN_FRAMEWORK_HEADER = YES;
				CLANG_WARN_RANGE_LOOP_ANALYSIS = YES;
				CLANG_WARN_STRICT_PROTOTYPES = YES;
				CLANG_WARN_SUSPICIOUS_MOVE = YES;
				CLANG_WARN_UNGUARDED_AVAILABILITY = YES_AGGRESSIVE;
				CLANG_WARN_UNREACHABLE_CODE = YES;
				CLANG_WARN__DUPLICATE_METHOD_MATCH = YES;
				COPY_PHASE_STRIP = NO;
				DEBUG_INFORMATION_FORMAT = "dwarf-with-dsym";
				ENABLE_NS_ASSERTIONS = NO;
				ENABLE_STRICT_OBJC_MSGSEND = YES;
				ENABLE_USER_SCRIPT_SANDBOXING = YES;
				GCC_C_LANGUAGE_STANDARD = gnu17;
				GCC_NO_COMMON_BLOCKS = YES;
				GCC_WARN_64_TO_32_BIT_CONVERSION = YES;
				GCC_WARN_ABOUT_RETURN_TYPE = YES_ERROR;
				GCC_WARN_UNDECLARED_SELECTOR = YES;
				GCC_WARN_UNINITIALIZED_AUTOS = YES_AGGRESSIVE;
				GCC_WARN_UNUSED_FUNCTION = YES;
				GCC_WARN_UNUSED_VARIABLE = YES;
				IPHONEOS_DEPLOYMENT_TARGET = 17.2;
				LOCALIZATION_PREFERS_STRING_CATALOGS = YES;
				MTL_ENABLE_DEBUG_INFO = NO;
				MTL_FAST_MATH = YES;
				SDKROOT = iphoneos;
				SWIFT_COMPILATION_MODE = wholemodule;
				VALIDATE_PRODUCT = YES;
			};
			name = Release;
		};
		1E84D8BC2CB4D99C0078B648 /* Debug */ = {
			isa = XCBuildConfiguration;
			buildSettings = {
				ASSETCATALOG_COMPILER_APPICON_NAME = AppIcon;
				ASSETCATALOG_COMPILER_GLOBAL_ACCENT_COLOR_NAME = AccentColor;
				CODE_SIGN_ENTITLEMENTS = KataKita/KataKita.entitlements;
				CODE_SIGN_STYLE = Automatic;
				CURRENT_PROJECT_VERSION = 1;
				DEVELOPMENT_ASSET_PATHS = "\"KataKita/Preview Content\"";
				DEVELOPMENT_TEAM = V82QRJ28YB;
				ENABLE_PREVIEWS = YES;
				GENERATE_INFOPLIST_FILE = YES;
				INFOPLIST_FILE = KataKita/Info.plist;
				INFOPLIST_KEY_UIApplicationSceneManifest_Generation = YES;
				INFOPLIST_KEY_UIApplicationSupportsIndirectInputEvents = YES;
				INFOPLIST_KEY_UILaunchScreen_Generation = YES;
				INFOPLIST_KEY_UISupportedInterfaceOrientations = "UIInterfaceOrientationLandscapeLeft UIInterfaceOrientationLandscapeRight";
				LD_RUNPATH_SEARCH_PATHS = (
					"$(inherited)",
					"@executable_path/Frameworks",
				);
				MARKETING_VERSION = 1.0;
				PRODUCT_BUNDLE_IDENTIFIER = Gwen.KataKita;
				PRODUCT_NAME = "$(TARGET_NAME)";
				SWIFT_EMIT_LOC_STRINGS = YES;
				SWIFT_VERSION = 5.0;
				TARGETED_DEVICE_FAMILY = "1,2";
			};
			name = Debug;
		};
		1E84D8BD2CB4D99C0078B648 /* Release */ = {
			isa = XCBuildConfiguration;
			buildSettings = {
				ASSETCATALOG_COMPILER_APPICON_NAME = AppIcon;
				ASSETCATALOG_COMPILER_GLOBAL_ACCENT_COLOR_NAME = AccentColor;
				CODE_SIGN_ENTITLEMENTS = KataKita/KataKita.entitlements;
				CODE_SIGN_STYLE = Automatic;
				CURRENT_PROJECT_VERSION = 1;
				DEVELOPMENT_ASSET_PATHS = "\"KataKita/Preview Content\"";
				DEVELOPMENT_TEAM = V82QRJ28YB;
				ENABLE_PREVIEWS = YES;
				GENERATE_INFOPLIST_FILE = YES;
				INFOPLIST_FILE = KataKita/Info.plist;
				INFOPLIST_KEY_UIApplicationSceneManifest_Generation = YES;
				INFOPLIST_KEY_UIApplicationSupportsIndirectInputEvents = YES;
				INFOPLIST_KEY_UILaunchScreen_Generation = YES;
				INFOPLIST_KEY_UISupportedInterfaceOrientations = "UIInterfaceOrientationLandscapeLeft UIInterfaceOrientationLandscapeRight";
				LD_RUNPATH_SEARCH_PATHS = (
					"$(inherited)",
					"@executable_path/Frameworks",
				);
				MARKETING_VERSION = 1.0;
				PRODUCT_BUNDLE_IDENTIFIER = Gwen.KataKita;
				PRODUCT_NAME = "$(TARGET_NAME)";
				SWIFT_EMIT_LOC_STRINGS = YES;
				SWIFT_VERSION = 5.0;
				TARGETED_DEVICE_FAMILY = "1,2";
			};
			name = Release;
		};
		1E84D8BF2CB4D99C0078B648 /* Debug */ = {
			isa = XCBuildConfiguration;
			buildSettings = {
				ALWAYS_EMBED_SWIFT_STANDARD_LIBRARIES = YES;
				BUNDLE_LOADER = "$(TEST_HOST)";
				CODE_SIGN_STYLE = Automatic;
				CURRENT_PROJECT_VERSION = 1;
				DEVELOPMENT_TEAM = V82QRJ28YB;
				GENERATE_INFOPLIST_FILE = YES;
				IPHONEOS_DEPLOYMENT_TARGET = 17.2;
				MARKETING_VERSION = 1.0;
				PRODUCT_BUNDLE_IDENTIFIER = Gwen.KataKitaTests;
				PRODUCT_NAME = "$(TARGET_NAME)";
				SWIFT_EMIT_LOC_STRINGS = NO;
				SWIFT_VERSION = 5.0;
				TARGETED_DEVICE_FAMILY = "1,2";
				TEST_HOST = "$(BUILT_PRODUCTS_DIR)/KataKita.app/$(BUNDLE_EXECUTABLE_FOLDER_PATH)/KataKita";
			};
			name = Debug;
		};
		1E84D8C02CB4D99C0078B648 /* Release */ = {
			isa = XCBuildConfiguration;
			buildSettings = {
				ALWAYS_EMBED_SWIFT_STANDARD_LIBRARIES = YES;
				BUNDLE_LOADER = "$(TEST_HOST)";
				CODE_SIGN_STYLE = Automatic;
				CURRENT_PROJECT_VERSION = 1;
				DEVELOPMENT_TEAM = V82QRJ28YB;
				GENERATE_INFOPLIST_FILE = YES;
				IPHONEOS_DEPLOYMENT_TARGET = 17.2;
				MARKETING_VERSION = 1.0;
				PRODUCT_BUNDLE_IDENTIFIER = Gwen.KataKitaTests;
				PRODUCT_NAME = "$(TARGET_NAME)";
				SWIFT_EMIT_LOC_STRINGS = NO;
				SWIFT_VERSION = 5.0;
				TARGETED_DEVICE_FAMILY = "1,2";
				TEST_HOST = "$(BUILT_PRODUCTS_DIR)/KataKita.app/$(BUNDLE_EXECUTABLE_FOLDER_PATH)/KataKita";
			};
			name = Release;
		};
		1E84D8C22CB4D99C0078B648 /* Debug */ = {
			isa = XCBuildConfiguration;
			buildSettings = {
				ALWAYS_EMBED_SWIFT_STANDARD_LIBRARIES = YES;
				CODE_SIGN_STYLE = Automatic;
				CURRENT_PROJECT_VERSION = 1;
				DEVELOPMENT_TEAM = V82QRJ28YB;
				GENERATE_INFOPLIST_FILE = YES;
				MARKETING_VERSION = 1.0;
				PRODUCT_BUNDLE_IDENTIFIER = Gwen.KataKitaUITests;
				PRODUCT_NAME = "$(TARGET_NAME)";
				SWIFT_EMIT_LOC_STRINGS = NO;
				SWIFT_VERSION = 5.0;
				TARGETED_DEVICE_FAMILY = "1,2";
				TEST_TARGET_NAME = KataKita;
			};
			name = Debug;
		};
		1E84D8C32CB4D99C0078B648 /* Release */ = {
			isa = XCBuildConfiguration;
			buildSettings = {
				ALWAYS_EMBED_SWIFT_STANDARD_LIBRARIES = YES;
				CODE_SIGN_STYLE = Automatic;
				CURRENT_PROJECT_VERSION = 1;
				DEVELOPMENT_TEAM = V82QRJ28YB;
				GENERATE_INFOPLIST_FILE = YES;
				MARKETING_VERSION = 1.0;
				PRODUCT_BUNDLE_IDENTIFIER = Gwen.KataKitaUITests;
				PRODUCT_NAME = "$(TARGET_NAME)";
				SWIFT_EMIT_LOC_STRINGS = NO;
				SWIFT_VERSION = 5.0;
				TARGETED_DEVICE_FAMILY = "1,2";
				TEST_TARGET_NAME = KataKita;
			};
			name = Release;
		};
/* End XCBuildConfiguration section */

/* Begin XCConfigurationList section */
		1E84D88E2CB4D99A0078B648 /* Build configuration list for PBXProject "KataKita" */ = {
			isa = XCConfigurationList;
			buildConfigurations = (
				1E84D8B92CB4D99C0078B648 /* Debug */,
				1E84D8BA2CB4D99C0078B648 /* Release */,
			);
			defaultConfigurationIsVisible = 0;
			defaultConfigurationName = Release;
		};
		1E84D8BB2CB4D99C0078B648 /* Build configuration list for PBXNativeTarget "KataKita" */ = {
			isa = XCConfigurationList;
			buildConfigurations = (
				1E84D8BC2CB4D99C0078B648 /* Debug */,
				1E84D8BD2CB4D99C0078B648 /* Release */,
			);
			defaultConfigurationIsVisible = 0;
			defaultConfigurationName = Release;
		};
		1E84D8BE2CB4D99C0078B648 /* Build configuration list for PBXNativeTarget "KataKitaTests" */ = {
			isa = XCConfigurationList;
			buildConfigurations = (
				1E84D8BF2CB4D99C0078B648 /* Debug */,
				1E84D8C02CB4D99C0078B648 /* Release */,
			);
			defaultConfigurationIsVisible = 0;
			defaultConfigurationName = Release;
		};
		1E84D8C12CB4D99C0078B648 /* Build configuration list for PBXNativeTarget "KataKitaUITests" */ = {
			isa = XCConfigurationList;
			buildConfigurations = (
				1E84D8C22CB4D99C0078B648 /* Debug */,
				1E84D8C32CB4D99C0078B648 /* Release */,
			);
			defaultConfigurationIsVisible = 0;
			defaultConfigurationName = Release;
		};
/* End XCConfigurationList section */
	};
	rootObject = 1E84D88B2CB4D99A0078B648 /* Project object */;
}
